
Microsoft Visual Studio Solution File, Format Version 12.00
# Visual Studio 15
VisualStudioVersion = 15.0.27428.2015
MinimumVisualStudioVersion = 10.0.40219.1
Project("{FAE04EC0-301F-11D3-BF4B-00C04F79EFBC}") = "AutomatedTests", "AutomatedTests\AutomatedTests.csproj", "{60673E8C-A09C-4EEC-AAC8-A959732F906D}"
EndProject
Project("{FAE04EC0-301F-11D3-BF4B-00C04F79EFBC}") = "AutomatedTests.PageObjects", "AutomatedTests.PageObjects\AutomatedTests.PageObjects.csproj", "{04FA05E0-A568-47B0-9180-C14623B0439E}"
EndProject
Project("{FAE04EC0-301F-11D3-BF4B-00C04F79EFBC}") = "AutomatedTests.Challenges", "AutomatedTests.Challenges\AutomatedTests.Challenges.csproj", "{A5609DC0-DF67-4F70-915B-079B5955BFEB}"
EndProject
Global
	GlobalSection(SolutionConfigurationPlatforms) = preSolution
		Debug|Any CPU = Debug|Any CPU
		Release|Any CPU = Release|Any CPU
	EndGlobalSection
	GlobalSection(ProjectConfigurationPlatforms) = postSolution
		{60673E8C-A09C-4EEC-AAC8-A959732F906D}.Debug|Any CPU.ActiveCfg = Debug|Any CPU
		{60673E8C-A09C-4EEC-AAC8-A959732F906D}.Debug|Any CPU.Build.0 = Debug|Any CPU
		{60673E8C-A09C-4EEC-AAC8-A959732F906D}.Release|Any CPU.ActiveCfg = Release|Any CPU
		{60673E8C-A09C-4EEC-AAC8-A959732F906D}.Release|Any CPU.Build.0 = Release|Any CPU
		{04FA05E0-A568-47B0-9180-C14623B0439E}.Debug|Any CPU.ActiveCfg = Debug|Any CPU
		{04FA05E0-A568-47B0-9180-C14623B0439E}.Debug|Any CPU.Build.0 = Debug|Any CPU
		{04FA05E0-A568-47B0-9180-C14623B0439E}.Release|Any CPU.ActiveCfg = Release|Any CPU
		{04FA05E0-A568-47B0-9180-C14623B0439E}.Release|Any CPU.Build.0 = Release|Any CPU
		{A5609DC0-DF67-4F70-915B-079B5955BFEB}.Debug|Any CPU.ActiveCfg = Debug|Any CPU
		{A5609DC0-DF67-4F70-915B-079B5955BFEB}.Debug|Any CPU.Build.0 = Debug|Any CPU
		{A5609DC0-DF67-4F70-915B-079B5955BFEB}.Release|Any CPU.ActiveCfg = Release|Any CPU
		{A5609DC0-DF67-4F70-915B-079B5955BFEB}.Release|Any CPU.Build.0 = Release|Any CPU
	EndGlobalSection
	GlobalSection(SolutionProperties) = preSolution
		HideSolutionNode = FALSE
	EndGlobalSection
	GlobalSection(ExtensibilityGlobals) = postSolution
		SolutionGuid = {20689168-5E14-4151-99A9-9BE59BC56FA5}
	EndGlobalSection
EndGlobal
